
Microsoft Visual Studio Solution File, Format Version 12.00
# Visual Studio 15
VisualStudioVersion = 15.0.28307.902
MinimumVisualStudioVersion = 10.0.40219.1
Project("{FAE04EC0-301F-11D3-BF4B-00C04F79EFBC}") = "FallingObject", "FallingObject\FallingObject.csproj", "{79554CD0-51D5-4C4D-8738-89593F531319}"
EndProject
Global
	GlobalSection(SolutionConfigurationPlatforms) = preSolution
		Debug|Any CPU = Debug|Any CPU
		Release|Any CPU = Release|Any CPU
	EndGlobalSection
	GlobalSection(ProjectConfigurationPlatforms) = postSolution
		{79554CD0-51D5-4C4D-8738-89593F531319}.Debug|Any CPU.ActiveCfg = Debug|Any CPU
		{79554CD0-51D5-4C4D-8738-89593F531319}.Debug|Any CPU.Build.0 = Debug|Any CPU
		{79554CD0-51D5-4C4D-8738-89593F531319}.Release|Any CPU.ActiveCfg = Release|Any CPU
		{79554CD0-51D5-4C4D-8738-89593F531319}.Release|Any CPU.Build.0 = Release|Any CPU
	EndGlobalSection
	GlobalSection(SolutionProperties) = preSolution
		HideSolutionNode = FALSE
	EndGlobalSection
	GlobalSection(ExtensibilityGlobals) = postSolution
		SolutionGuid = {4F954526-75EF-462C-BDCB-511CD5DDCE58}
	EndGlobalSection
EndGlobal
